Microsoft Visual Studio Solution File, Format Version 12.00
# Visual Studio Version 17
VisualStudioVersion = 17.5.2.0
MinimumVisualStudioVersion = 10.0.40219.1
Project("{FAE04EC0-301F-11D3-BF4B-00C04F79EFBC}") = "GameStudies", "GameStudies.csproj", "{27C975A4-268E-A3A7-5458-F7079601403E}"
EndProject
Global
	GlobalSection(SolutionConfigurationPlatforms) = preSolution
		Debug|Any CPU = Debug|Any CPU
		Release|Any CPU = Release|Any CPU
	EndGlobalSection
	GlobalSection(ProjectConfigurationPlatforms) = postSolution
		{27C975A4-268E-A3A7-5458-F7079601403E}.Debug|Any CPU.ActiveCfg = Debug|Any CPU
		{27C975A4-268E-A3A7-5458-F7079601403E}.Debug|Any CPU.Build.0 = Debug|Any CPU
		{27C975A4-268E-A3A7-5458-F7079601403E}.Release|Any CPU.ActiveCfg = Release|Any CPU
		{27C975A4-268E-A3A7-5458-F7079601403E}.Release|Any CPU.Build.0 = Release|Any CPU
	EndGlobalSection
	GlobalSection(SolutionProperties) = preSolution
		HideSolutionNode = FALSE
	EndGlobalSection
	GlobalSection(ExtensibilityGlobals) = postSolution
		SolutionGuid = {72B0334D-DC5F-4452-B313-1CFC18D89A37}
	EndGlobalSection
EndGlobal
